
Microsoft Visual Studio Solution File, Format Version 12.00
# Visual Studio Version 16
VisualStudioVersion = 16.0.29020.237
MinimumVisualStudioVersion = 10.0.40219.1
Project("{8BC9CEB8-8B4A-11D0-8D11-00A0C91BC942}") = "Lab06", "Lab06\Lab06.vcxproj", "{3D26FD9D-00AB-478A-AC72-A519F719B95D}"
EndProject
Global
	GlobalSection(SolutionConfigurationPlatforms) = preSolution
		Debug|x64 = Debug|x64
		Debug|x86 = Debug|x86
		Release|x64 = Release|x64
		Release|x86 = Release|x86
	EndGlobalSection
	GlobalSection(ProjectConfigurationPlatforms) = postSolution
		{3D26FD9D-00AB-478A-AC72-A519F719B95D}.Debug|x64.ActiveCfg = Debug|x64
		{3D26FD9D-00AB-478A-AC72-A519F719B95D}.Debug|x64.Build.0 = Debug|x64
		{3D26FD9D-00AB-478A-AC72-A519F719B95D}.Debug|x86.ActiveCfg = Debug|Win32
		{3D26FD9D-00AB-478A-AC72-A519F719B95D}.Debug|x86.Build.0 = Debug|Win32
		{3D26FD9D-00AB-478A-AC72-A519F719B95D}.Release|x64.ActiveCfg = Release|x64
		{3D26FD9D-00AB-478A-AC72-A519F719B95D}.Release|x64.Build.0 = Release|x64
		{3D26FD9D-00AB-478A-AC72-A519F719B95D}.Release|x86.ActiveCfg = Release|Win32
		{3D26FD9D-00AB-478A-AC72-A519F719B95D}.Release|x86.Build.0 = Release|Win32
	EndGlobalSection
	GlobalSection(SolutionProperties) = preSolution
		HideSolutionNode = FALSE
	EndGlobalSection
	GlobalSection(ExtensibilityGlobals) = postSolution
		SolutionGuid = {1318C90B-6108-4DC3-AE37-DED89D74BE1E}
	EndGlobalSection
EndGlobal
